// !$*UTF8*$!
{
	archiveVersion = 1;
	classes = {
	};
	objectVersion = 52;
	objects = {

/* Begin PBXBuildFile section */
		37CFBA7624310D57009B6932 /* AppDelegate.swift in Sources */ = {isa = PBXBuildFile; fileRef = 37CFBA7524310D57009B6932 /* AppDelegate.swift */; };
		37CFBA7824310D57009B6932 /* SceneDelegate.swift in Sources */ = {isa = PBXBuildFile; fileRef = 37CFBA7724310D57009B6932 /* SceneDelegate.swift */; };
		37CFBA7A24310D57009B6932 /* ViewController.swift in Sources */ = {isa = PBXBuildFile; fileRef = 37CFBA7924310D57009B6932 /* ViewController.swift */; };
		37CFBA7D24310D57009B6932 /* Main.storyboard in Resources */ = {isa = PBXBuildFile; fileRef = 37CFBA7B24310D57009B6932 /* Main.storyboard */; };
		37CFBA7F24310D5B009B6932 /* Assets.xcassets in Resources */ = {isa = PBXBuildFile; fileRef = 37CFBA7E24310D5B009B6932 /* Assets.xcassets */; };
		37CFBA8224310D5B009B6932 /* LaunchScreen.storyboard in Resources */ = {isa = PBXBuildFile; fileRef = 37CFBA8024310D5B009B6932 /* LaunchScreen.storyboard */; };
		37CFBA8B2432410C009B6932 /* VRMKit in Frameworks */ = {isa = PBXBuildFile; productRef = 37CFBA8A2432410C009B6932 /* VRMKit */; };
		37CFBA8D2432410C009B6932 /* VRMSceneKit in Frameworks */ = {isa = PBXBuildFile; productRef = 37CFBA8C2432410C009B6932 /* VRMSceneKit */; };
		37CFBA902432411D009B6932 /* SnapKit in Frameworks */ = {isa = PBXBuildFile; productRef = 37CFBA8F2432411D009B6932 /* SnapKit */; };
		37CFBA92243241EF009B6932 /* AliciaSolid.vrm in Resources */ = {isa = PBXBuildFile; fileRef = 37CFBA91243241EF009B6932 /* AliciaSolid.vrm */; };
		37CFBA94243242AE009B6932 /* ContainerView.swift in Sources */ = {isa = PBXBuildFile; fileRef = 37CFBA93243242AE009B6932 /* ContainerView.swift */; };
		37CFBA96243244B6009B6932 /* BoneSelectorViewController.swift in Sources */ = {isa = PBXBuildFile; fileRef = 37CFBA95243244B6009B6932 /* BoneSelectorViewController.swift */; };
		37CFBA98243244CF009B6932 /* PreviewViewController.swift in Sources */ = {isa = PBXBuildFile; fileRef = 37CFBA97243244CF009B6932 /* PreviewViewController.swift */; };
		37CFBA9A2432567D009B6932 /* BodyBonePickerViewController.swift in Sources */ = {isa = PBXBuildFile; fileRef = 37CFBA992432567D009B6932 /* BodyBonePickerViewController.swift */; };
		37CFBA9C24325694009B6932 /* BodyBonePickerViewController.storyboard in Resources */ = {isa = PBXBuildFile; fileRef = 37CFBA9B24325694009B6932 /* BodyBonePickerViewController.storyboard */; };
		37CFBA9F2432673A009B6932 /* Closures in Frameworks */ = {isa = PBXBuildFile; productRef = 37CFBA9E2432673A009B6932 /* Closures */; };
		37CFBAA124326998009B6932 /* LayoutStackView.swift in Sources */ = {isa = PBXBuildFile; fileRef = 37CFBAA024326998009B6932 /* LayoutStackView.swift */; };
		37CFBAA3243271FE009B6932 /* PoseSkeleton.swift in Sources */ = {isa = PBXBuildFile; fileRef = 37CFBAA2243271FE009B6932 /* PoseSkeleton.swift */; };
		37CFBAA52432729B009B6932 /* VRMSceneKit+Extensions.swift in Sources */ = {isa = PBXBuildFile; fileRef = 37CFBAA42432729B009B6932 /* VRMSceneKit+Extensions.swift */; };
		37CFBAA824327598009B6932 /* SFSafeSymbols in Frameworks */ = {isa = PBXBuildFile; productRef = 37CFBAA724327598009B6932 /* SFSafeSymbols */; };
		37CFBAAA243371D6009B6932 /* HUDViewController.swift in Sources */ = {isa = PBXBuildFile; fileRef = 37CFBAA9243371D5009B6932 /* HUDViewController.swift */; };
/* End PBXBuildFile section */

/* Begin PBXFileReference section */
		37CFBA7224310D57009B6932 /* vear-poser.app */ = {isa = PBXFileReference; explicitFileType = wrapper.application; includeInIndex = 0; path = "vear-poser.app"; sourceTree = BUILT_PRODUCTS_DIR; };
		37CFBA7524310D57009B6932 /* AppDelegate.swift */ = {isa = PBXFileReference; lastKnownFileType = sourcecode.swift; path = AppDelegate.swift; sourceTree = "<group>"; };
		37CFBA7724310D57009B6932 /* SceneDelegate.swift */ = {isa = PBXFileReference; lastKnownFileType = sourcecode.swift; path = SceneDelegate.swift; sourceTree = "<group>"; };
		37CFBA7924310D57009B6932 /* ViewController.swift */ = {isa = PBXFileReference; lastKnownFileType = sourcecode.swift; path = ViewController.swift; sourceTree = "<group>"; };
		37CFBA7C24310D57009B6932 /* Base */ = {isa = PBXFileReference; lastKnownFileType = file.storyboard; name = Base; path = Base.lproj/Main.storyboard; sourceTree = "<group>"; };
		37CFBA7E24310D5B009B6932 /* Assets.xcassets */ = {isa = PBXFileReference; lastKnownFileType = folder.assetcatalog; path = Assets.xcassets; sourceTree = "<group>"; };
		37CFBA8124310D5B009B6932 /* Base */ = {isa = PBXFileReference; lastKnownFileType = file.storyboard; name = Base; path = Base.lproj/LaunchScreen.storyboard; sourceTree = "<group>"; };
		37CFBA8324310D5B009B6932 /* Info.plist */ = {isa = PBXFileReference; lastKnownFileType = text.plist.xml; path = Info.plist; sourceTree = "<group>"; };
		37CFBA91243241EF009B6932 /* AliciaSolid.vrm */ = {isa = PBXFileReference; lastKnownFileType = file; path = AliciaSolid.vrm; sourceTree = "<group>"; };
		37CFBA93243242AE009B6932 /* ContainerView.swift */ = {isa = PBXFileReference; lastKnownFileType = sourcecode.swift; path = ContainerView.swift; sourceTree = "<group>"; };
		37CFBA95243244B6009B6932 /* BoneSelectorViewController.swift */ = {isa = PBXFileReference; lastKnownFileType = sourcecode.swift; path = BoneSelectorViewController.swift; sourceTree = "<group>"; };
		37CFBA97243244CF009B6932 /* PreviewViewController.swift */ = {isa = PBXFileReference; lastKnownFileType = sourcecode.swift; path = PreviewViewController.swift; sourceTree = "<group>"; };
		37CFBA992432567D009B6932 /* BodyBonePickerViewController.swift */ = {isa = PBXFileReference; lastKnownFileType = sourcecode.swift; path = BodyBonePickerViewController.swift; sourceTree = "<group>"; };
		37CFBA9B24325694009B6932 /* BodyBonePickerViewController.storyboard */ = {isa = PBXFileReference; lastKnownFileType = file.storyboard; path = BodyBonePickerViewController.storyboard; sourceTree = "<group>"; };
		37CFBAA024326998009B6932 /* LayoutStackView.swift */ = {isa = PBXFileReference; lastKnownFileType = sourcecode.swift; path = LayoutStackView.swift; sourceTree = "<group>"; };
		37CFBAA2243271FE009B6932 /* PoseSkeleton.swift */ = {isa = PBXFileReference; lastKnownFileType = sourcecode.swift; path = PoseSkeleton.swift; sourceTree = "<group>"; };
		37CFBAA42432729B009B6932 /* VRMSceneKit+Extensions.swift */ = {isa = PBXFileReference; lastKnownFileType = sourcecode.swift; path = "VRMSceneKit+Extensions.swift"; sourceTree = "<group>"; };
		37CFBAA9243371D5009B6932 /* HUDViewController.swift */ = {isa = PBXFileReference; lastKnownFileType = sourcecode.swift; path = HUDViewController.swift; sourceTree = "<group>"; };
/* End PBXFileReference section */

/* Begin PBXFrameworksBuildPhase section */
		37CFBA6F24310D57009B6932 /* Frameworks */ = {
			isa = PBXFrameworksBuildPhase;
			buildActionMask = 2147483647;
			files = (
				37CFBAA824327598009B6932 /* SFSafeSymbols in Frameworks */,
				37CFBA9F2432673A009B6932 /* Closures in Frameworks */,
				37CFBA902432411D009B6932 /* SnapKit in Frameworks */,
				37CFBA8D2432410C009B6932 /* VRMSceneKit in Frameworks */,
				37CFBA8B2432410C009B6932 /* VRMKit in Frameworks */,
			);
			runOnlyForDeploymentPostprocessing = 0;
		};
/* End PBXFrameworksBuildPhase section */

/* Begin PBXGroup section */
		37CFBA6924310D57009B6932 = {
			isa = PBXGroup;
			children = (
				37CFBA7424310D57009B6932 /* vear-poser */,
				37CFBA7324310D57009B6932 /* Products */,
			);
			sourceTree = "<group>";
		};
		37CFBA7324310D57009B6932 /* Products */ = {
			isa = PBXGroup;
			children = (
				37CFBA7224310D57009B6932 /* vear-poser.app */,
			);
			name = Products;
			sourceTree = "<group>";
		};
		37CFBA7424310D57009B6932 /* vear-poser */ = {
			isa = PBXGroup;
			children = (
				37CFBAAD24337812009B6932 /* Common */,
				37CFBAAC24337804009B6932 /* Features */,
				37CFBAAB243377E9009B6932 /* Resources */,
			);
			path = "vear-poser";
			sourceTree = "<group>";
		};
		37CFBAAB243377E9009B6932 /* Resources */ = {
			isa = PBXGroup;
			children = (
				37CFBA8324310D5B009B6932 /* Info.plist */,
				37CFBA7B24310D57009B6932 /* Main.storyboard */,
				37CFBA8024310D5B009B6932 /* LaunchScreen.storyboard */,
				37CFBA7E24310D5B009B6932 /* Assets.xcassets */,
				37CFBA91243241EF009B6932 /* AliciaSolid.vrm */,
			);
			path = Resources;
			sourceTree = "<group>";
		};
		37CFBAAC24337804009B6932 /* Features */ = {
			isa = PBXGroup;
			children = (
				37CFBAB124337879009B6932 /* HUD */,
				37CFBAB024337826009B6932 /* Main */,
				37CFBAAF2433781F009B6932 /* Preview */,
				37CFBAAE24337818009B6932 /* BoneSelector */,
			);
			path = Features;
			sourceTree = "<group>";
		};
		37CFBAAD24337812009B6932 /* Common */ = {
			isa = PBXGroup;
			children = (
				37CFBAA42432729B009B6932 /* VRMSceneKit+Extensions.swift */,
				37CFBA93243242AE009B6932 /* ContainerView.swift */,
				37CFBAA2243271FE009B6932 /* PoseSkeleton.swift */,
				37CFBAA024326998009B6932 /* LayoutStackView.swift */,
			);
			path = Common;
			sourceTree = "<group>";
		};
		37CFBAAE24337818009B6932 /* BoneSelector */ = {
			isa = PBXGroup;
			children = (
				37CFBA95243244B6009B6932 /* BoneSelectorViewController.swift */,
				37CFBA992432567D009B6932 /* BodyBonePickerViewController.swift */,
				37CFBA9B24325694009B6932 /* BodyBonePickerViewController.storyboard */,
			);
			path = BoneSelector;
			sourceTree = "<group>";
		};
		37CFBAAF2433781F009B6932 /* Preview */ = {
			isa = PBXGroup;
			children = (
				37CFBA97243244CF009B6932 /* PreviewViewController.swift */,
			);
			path = Preview;
			sourceTree = "<group>";
		};
		37CFBAB024337826009B6932 /* Main */ = {
			isa = PBXGroup;
			children = (
				37CFBA7524310D57009B6932 /* AppDelegate.swift */,
				37CFBA7724310D57009B6932 /* SceneDelegate.swift */,
				37CFBA7924310D57009B6932 /* ViewController.swift */,
			);
			path = Main;
			sourceTree = "<group>";
		};
		37CFBAB124337879009B6932 /* HUD */ = {
			isa = PBXGroup;
			children = (
				37CFBAA9243371D5009B6932 /* HUDViewController.swift */,
			);
			path = HUD;
			sourceTree = "<group>";
		};
/* End PBXGroup section */

/* Begin PBXNativeTarget section */
		37CFBA7124310D57009B6932 /* vear-poser */ = {
			isa = PBXNativeTarget;
			buildConfigurationList = 37CFBA8624310D5B009B6932 /* Build configuration list for PBXNativeTarget "vear-poser" */;
			buildPhases = (
				37CFBA6E24310D57009B6932 /* Sources */,
				37CFBA6F24310D57009B6932 /* Frameworks */,
				37CFBA7024310D57009B6932 /* Resources */,
			);
			buildRules = (
			);
			dependencies = (
			);
			name = "vear-poser";
			packageProductDependencies = (
				37CFBA8A2432410C009B6932 /* VRMKit */,
				37CFBA8C2432410C009B6932 /* VRMSceneKit */,
				37CFBA8F2432411D009B6932 /* SnapKit */,
				37CFBA9E2432673A009B6932 /* Closures */,
				37CFBAA724327598009B6932 /* SFSafeSymbols */,
			);
			productName = "vear-poser";
			productReference = 37CFBA7224310D57009B6932 /* vear-poser.app */;
			productType = "com.apple.product-type.application";
		};
/* End PBXNativeTarget section */

/* Begin PBXProject section */
		37CFBA6A24310D57009B6932 /* Project object */ = {
			isa = PBXProject;
			attributes = {
				LastSwiftUpdateCheck = 1140;
				LastUpgradeCheck = 1140;
				ORGANIZATIONNAME = "Tomoya Hirano";
				TargetAttributes = {
					37CFBA7124310D57009B6932 = {
						CreatedOnToolsVersion = 11.4;
					};
				};
			};
			buildConfigurationList = 37CFBA6D24310D57009B6932 /* Build configuration list for PBXProject "vear-poser" */;
			compatibilityVersion = "Xcode 9.3";
			developmentRegion = en;
			hasScannedForEncodings = 0;
			knownRegions = (
				en,
				Base,
			);
			mainGroup = 37CFBA6924310D57009B6932;
			packageReferences = (
				37CFBA892432410C009B6932 /* XCRemoteSwiftPackageReference "VRMKit" */,
				37CFBA8E2432411D009B6932 /* XCRemoteSwiftPackageReference "SnapKit" */,
				37CFBA9D2432673A009B6932 /* XCRemoteSwiftPackageReference "Closures" */,
				37CFBAA624327598009B6932 /* XCRemoteSwiftPackageReference "SFSafeSymbols" */,
			);
			productRefGroup = 37CFBA7324310D57009B6932 /* Products */;
			projectDirPath = "";
			projectRoot = "";
			targets = (
				37CFBA7124310D57009B6932 /* vear-poser */,
			);
		};
/* End PBXProject section */

/* Begin PBXResourcesBuildPhase section */
		37CFBA7024310D57009B6932 /* Resources */ = {
			isa = PBXResourcesBuildPhase;
			buildActionMask = 2147483647;
			files = (
				37CFBA92243241EF009B6932 /* AliciaSolid.vrm in Resources */,
				37CFBA8224310D5B009B6932 /* LaunchScreen.storyboard in Resources */,
				37CFBA7F24310D5B009B6932 /* Assets.xcassets in Resources */,
				37CFBA7D24310D57009B6932 /* Main.storyboard in Resources */,
				37CFBA9C24325694009B6932 /* BodyBonePickerViewController.storyboard in Resources */,
			);
			runOnlyForDeploymentPostprocessing = 0;
		};
/* End PBXResourcesBuildPhase section */

/* Begin PBXSourcesBuildPhase section */
		37CFBA6E24310D57009B6932 /* Sources */ = {
			isa = PBXSourcesBuildPhase;
			buildActionMask = 2147483647;
			files = (
				37CFBA94243242AE009B6932 /* ContainerView.swift in Sources */,
				37CFBAA52432729B009B6932 /* VRMSceneKit+Extensions.swift in Sources */,
				37CFBA7A24310D57009B6932 /* ViewController.swift in Sources */,
				37CFBA9A2432567D009B6932 /* BodyBonePickerViewController.swift in Sources */,
				37CFBA96243244B6009B6932 /* BoneSelectorViewController.swift in Sources */,
				37CFBA7624310D57009B6932 /* AppDelegate.swift in Sources */,
				37CFBA7824310D57009B6932 /* SceneDelegate.swift in Sources */,
				37CFBA98243244CF009B6932 /* PreviewViewController.swift in Sources */,
				37CFBAAA243371D6009B6932 /* HUDViewController.swift in Sources */,
				37CFBAA124326998009B6932 /* LayoutStackView.swift in Sources */,
				37CFBAA3243271FE009B6932 /* PoseSkeleton.swift in Sources */,
			);
			runOnlyForDeploymentPostprocessing = 0;
		};
/* End PBXSourcesBuildPhase section */

/* Begin PBXVariantGroup section */
		37CFBA7B24310D57009B6932 /* Main.storyboard */ = {
			isa = PBXVariantGroup;
			children = (
				37CFBA7C24310D57009B6932 /* Base */,
			);
			name = Main.storyboard;
			sourceTree = "<group>";
		};
		37CFBA8024310D5B009B6932 /* LaunchScreen.storyboard */ = {
			isa = PBXVariantGroup;
			children = (
				37CFBA8124310D5B009B6932 /* Base */,
			);
			name = LaunchScreen.storyboard;
			sourceTree = "<group>";
		};
/* End PBXVariantGroup section */

/* Begin XCBuildConfiguration section */
		37CFBA8424310D5B009B6932 /* Debug */ = {
			isa = XCBuildConfiguration;
			buildSettings = {
				ALWAYS_SEARCH_USER_PATHS = NO;
				CLANG_ANALYZER_NONNULL = YES;
				CLANG_ANALYZER_NUMBER_OBJECT_CONVERSION = YES_AGGRESSIVE;
				CLANG_CXX_LANGUAGE_STANDARD = "gnu++14";
				CLANG_CXX_LIBRARY = "libc++";
				CLANG_ENABLE_MODULES = YES;
				CLANG_ENABLE_OBJC_ARC = YES;
				CLANG_ENABLE_OBJC_WEAK = YES;
				CLANG_WARN_BLOCK_CAPTURE_AUTORELEASING = YES;
				CLANG_WARN_BOOL_CONVERSION = YES;
				CLANG_WARN_COMMA = YES;
				CLANG_WARN_CONSTANT_CONVERSION = YES;
				CLANG_WARN_DEPRECATED_OBJC_IMPLEMENTATIONS = YES;
				CLANG_WARN_DIRECT_OBJC_ISA_USAGE = YES_ERROR;
				CLANG_WARN_DOCUMENTATION_COMMENTS = YES;
				CLANG_WARN_EMPTY_BODY = YES;
				CLANG_WARN_ENUM_CONVERSION = YES;
				CLANG_WARN_INFINITE_RECURSION = YES;
				CLANG_WARN_INT_CONVERSION = YES;
				CLANG_WARN_NON_LITERAL_NULL_CONVERSION = YES;
				CLANG_WARN_OBJC_IMPLICIT_RETAIN_SELF = YES;
				CLANG_WARN_OBJC_LITERAL_CONVERSION = YES;
				CLANG_WARN_OBJC_ROOT_CLASS = YES_ERROR;
				CLANG_WARN_RANGE_LOOP_ANALYSIS = YES;
				CLANG_WARN_STRICT_PROTOTYPES = YES;
				CLANG_WARN_SUSPICIOUS_MOVE = YES;
				CLANG_WARN_UNGUARDED_AVAILABILITY = YES_AGGRESSIVE;
				CLANG_WARN_UNREACHABLE_CODE = YES;
				CLANG_WARN__DUPLICATE_METHOD_MATCH = YES;
				COPY_PHASE_STRIP = NO;
				DEBUG_INFORMATION_FORMAT = dwarf;
				ENABLE_STRICT_OBJC_MSGSEND = YES;
				ENABLE_TESTABILITY = YES;
				GCC_C_LANGUAGE_STANDARD = gnu11;
				GCC_DYNAMIC_NO_PIC = NO;
				GCC_NO_COMMON_BLOCKS = YES;
				GCC_OPTIMIZATION_LEVEL = 0;
				GCC_PREPROCESSOR_DEFINITIONS = (
					"DEBUG=1",
					"$(inherited)",
				);
				GCC_WARN_64_TO_32_BIT_CONVERSION = YES;
				GCC_WARN_ABOUT_RETURN_TYPE = YES_ERROR;
				GCC_WARN_UNDECLARED_SELECTOR = YES;
				GCC_WARN_UNINITIALIZED_AUTOS = YES_AGGRESSIVE;
				GCC_WARN_UNUSED_FUNCTION = YES;
				GCC_WARN_UNUSED_VARIABLE = YES;
				IPHONEOS_DEPLOYMENT_TARGET = 13.4;
				MTL_ENABLE_DEBUG_INFO = INCLUDE_SOURCE;
				MTL_FAST_MATH = YES;
				ONLY_ACTIVE_ARCH = YES;
				SDKROOT = iphoneos;
				SWIFT_ACTIVE_COMPILATION_CONDITIONS = DEBUG;
				SWIFT_OPTIMIZATION_LEVEL = "-Onone";
			};
			name = Debug;
		};
		37CFBA8524310D5B009B6932 /* Release */ = {
			isa = XCBuildConfiguration;
			buildSettings = {
				ALWAYS_SEARCH_USER_PATHS = NO;
				CLANG_ANALYZER_NONNULL = YES;
				CLANG_ANALYZER_NUMBER_OBJECT_CONVERSION = YES_AGGRESSIVE;
				CLANG_CXX_LANGUAGE_STANDARD = "gnu++14";
				CLANG_CXX_LIBRARY = "libc++";
				CLANG_ENABLE_MODULES = YES;
				CLANG_ENABLE_OBJC_ARC = YES;
				CLANG_ENABLE_OBJC_WEAK = YES;
				CLANG_WARN_BLOCK_CAPTURE_AUTORELEASING = YES;
				CLANG_WARN_BOOL_CONVERSION = YES;
				CLANG_WARN_COMMA = YES;
				CLANG_WARN_CONSTANT_CONVERSION = YES;
				CLANG_WARN_DEPRECATED_OBJC_IMPLEMENTATIONS = YES;
				CLANG_WARN_DIRECT_OBJC_ISA_USAGE = YES_ERROR;
				CLANG_WARN_DOCUMENTATION_COMMENTS = YES;
				CLANG_WARN_EMPTY_BODY = YES;
				CLANG_WARN_ENUM_CONVERSION = YES;
				CLANG_WARN_INFINITE_RECURSION = YES;
				CLANG_WARN_INT_CONVERSION = YES;
				CLANG_WARN_NON_LITERAL_NULL_CONVERSION = YES;
				CLANG_WARN_OBJC_IMPLICIT_RETAIN_SELF = YES;
				CLANG_WARN_OBJC_LITERAL_CONVERSION = YES;
				CLANG_WARN_OBJC_ROOT_CLASS = YES_ERROR;
				CLANG_WARN_RANGE_LOOP_ANALYSIS = YES;
				CLANG_WARN_STRICT_PROTOTYPES = YES;
				CLANG_WARN_SUSPICIOUS_MOVE = YES;
				CLANG_WARN_UNGUARDED_AVAILABILITY = YES_AGGRESSIVE;
				CLANG_WARN_UNREACHABLE_CODE = YES;
				CLANG_WARN__DUPLICATE_METHOD_MATCH = YES;
				COPY_PHASE_STRIP = NO;
				DEBUG_INFORMATION_FORMAT = "dwarf-with-dsym";
				ENABLE_NS_ASSERTIONS = NO;
				ENABLE_STRICT_OBJC_MSGSEND = YES;
				GCC_C_LANGUAGE_STANDARD = gnu11;
				GCC_NO_COMMON_BLOCKS = YES;
				GCC_WARN_64_TO_32_BIT_CONVERSION = YES;
				GCC_WARN_ABOUT_RETURN_TYPE = YES_ERROR;
				GCC_WARN_UNDECLARED_SELECTOR = YES;
				GCC_WARN_UNINITIALIZED_AUTOS = YES_AGGRESSIVE;
				GCC_WARN_UNUSED_FUNCTION = YES;
				GCC_WARN_UNUSED_VARIABLE = YES;
				IPHONEOS_DEPLOYMENT_TARGET = 13.4;
				MTL_ENABLE_DEBUG_INFO = NO;
				MTL_FAST_MATH = YES;
				SDKROOT = iphoneos;
				SWIFT_COMPILATION_MODE = wholemodule;
				SWIFT_OPTIMIZATION_LEVEL = "-O";
				VALIDATE_PRODUCT = YES;
			};
			name = Release;
		};
		37CFBA8724310D5B009B6932 /* Debug */ = {
			isa = XCBuildConfiguration;
			buildSettings = {
				ASSETCATALOG_COMPILER_APPICON_NAME = AppIcon;
				CODE_SIGN_STYLE = Automatic;
				DEVELOPMENT_TEAM = FBQ6Z8AF3U;
				INFOPLIST_FILE = "vear-poser/Resources/Info.plist";
				LD_RUNPATH_SEARCH_PATHS = (
					"$(inherited)",
					"@executable_path/Frameworks",
				);
				PRODUCT_BUNDLE_IDENTIFIER = "dev.noppe.vear-poser";
				PRODUCT_NAME = "$(TARGET_NAME)";
				SWIFT_VERSION = 5.0;
				TARGETED_DEVICE_FAMILY = 2;
			};
			name = Debug;
		};
		37CFBA8824310D5B009B6932 /* Release */ = {
			isa = XCBuildConfiguration;
			buildSettings = {
				ASSETCATALOG_COMPILER_APPICON_NAME = AppIcon;
				CODE_SIGN_STYLE = Automatic;
				DEVELOPMENT_TEAM = FBQ6Z8AF3U;
				INFOPLIST_FILE = "vear-poser/Resources/Info.plist";
				LD_RUNPATH_SEARCH_PATHS = (
					"$(inherited)",
					"@executable_path/Frameworks",
				);
				PRODUCT_BUNDLE_IDENTIFIER = "dev.noppe.vear-poser";
				PRODUCT_NAME = "$(TARGET_NAME)";
				SWIFT_VERSION = 5.0;
				TARGETED_DEVICE_FAMILY = 2;
			};
			name = Release;
		};
/* End XCBuildConfiguration section */

/* Begin XCConfigurationList section */
		37CFBA6D24310D57009B6932 /* Build configuration list for PBXProject "vear-poser" */ = {
			isa = XCConfigurationList;
			buildConfigurations = (
				37CFBA8424310D5B009B6932 /* Debug */,
				37CFBA8524310D5B009B6932 /* Release */,
			);
			defaultConfigurationIsVisible = 0;
			defaultConfigurationName = Release;
		};
		37CFBA8624310D5B009B6932 /* Build configuration list for PBXNativeTarget "vear-poser" */ = {
			isa = XCConfigurationList;
			buildConfigurations = (
				37CFBA8724310D5B009B6932 /* Debug */,
				37CFBA8824310D5B009B6932 /* Release */,
			);
			defaultConfigurationIsVisible = 0;
			defaultConfigurationName = Release;
		};
/* End XCConfigurationList section */

/* Begin XCRemoteSwiftPackageReference section */
		37CFBA892432410C009B6932 /* XCRemoteSwiftPackageReference "VRMKit" */ = {
			isa = XCRemoteSwiftPackageReference;
			repositoryURL = "https://github.com/tattn/VRMKit";
			requirement = {
				kind = upToNextMajorVersion;
				minimumVersion = 0.4.2;
			};
		};
		37CFBA8E2432411D009B6932 /* XCRemoteSwiftPackageReference "SnapKit" */ = {
			isa = XCRemoteSwiftPackageReference;
			repositoryURL = "https://github.com/SnapKit/SnapKit";
			requirement = {
				kind = upToNextMajorVersion;
				minimumVersion = 5.0.1;
			};
		};
		37CFBA9D2432673A009B6932 /* XCRemoteSwiftPackageReference "Closures" */ = {
			isa = XCRemoteSwiftPackageReference;
			repositoryURL = "https://github.com/vhesener/Closures";
			requirement = {
				branch = master;
				kind = branch;
			};
		};
		37CFBAA624327598009B6932 /* XCRemoteSwiftPackageReference "SFSafeSymbols" */ = {
			isa = XCRemoteSwiftPackageReference;
			repositoryURL = "https://github.com/piknotech/SFSafeSymbols";
			requirement = {
				kind = upToNextMajorVersion;
				minimumVersion = 1.2.0;
			};
		};
/* End XCRemoteSwiftPackageReference section */

/* Begin XCSwiftPackageProductDependency section */
		37CFBA8A2432410C009B6932 /* VRMKit */ = {
			isa = XCSwiftPackageProductDependency;
			package = 37CFBA892432410C009B6932 /* XCRemoteSwiftPackageReference "VRMKit" */;
			productName = VRMKit;
		};
		37CFBA8C2432410C009B6932 /* VRMSceneKit */ = {
			isa = XCSwiftPackageProductDependency;
			package = 37CFBA892432410C009B6932 /* XCRemoteSwiftPackageReference "VRMKit" */;
			productName = VRMSceneKit;
		};
		37CFBA8F2432411D009B6932 /* SnapKit */ = {
			isa = XCSwiftPackageProductDependency;
			package = 37CFBA8E2432411D009B6932 /* XCRemoteSwiftPackageReference "SnapKit" */;
			productName = SnapKit;
		};
		37CFBA9E2432673A009B6932 /* Closures */ = {
			isa = XCSwiftPackageProductDependency;
			package = 37CFBA9D2432673A009B6932 /* XCRemoteSwiftPackageReference "Closures" */;
			productName = Closures;
		};
		37CFBAA724327598009B6932 /* SFSafeSymbols */ = {
			isa = XCSwiftPackageProductDependency;
			package = 37CFBAA624327598009B6932 /* XCRemoteSwiftPackageReference "SFSafeSymbols" */;
			productName = SFSafeSymbols;
		};
/* End XCSwiftPackageProductDependency section */
	};
	rootObject = 37CFBA6A24310D57009B6932 /* Project object */;
}
